
Microsoft Visual Studio Solution File, Format Version 12.00
# Visual Studio Version 17
VisualStudioVersion = 17.5.002.0
MinimumVisualStudioVersion = 10.0.40219.1
Project("{9A19103F-16F7-4668-BE54-9A1E7A4F7556}") = "webapi-quickstart", "webapi-quickstart.csproj", "{A066A41A-7C3C-4A82-87A0-15B13B4C97DD}"
EndProject
Global
	GlobalSection(SolutionConfigurationPlatforms) = preSolution
		Debug|Any CPU = Debug|Any CPU
		Release|Any CPU = Release|Any CPU
	EndGlobalSection
	GlobalSection(ProjectConfigurationPlatforms) = postSolution
		{A066A41A-7C3C-4A82-87A0-15B13B4C97DD}.Debug|Any CPU.ActiveCfg = Debug|Any CPU
		{A066A41A-7C3C-4A82-87A0-15B13B4C97DD}.Debug|Any CPU.Build.0 = Debug|Any CPU
		{A066A41A-7C3C-4A82-87A0-15B13B4C97DD}.Release|Any CPU.ActiveCfg = Release|Any CPU
		{A066A41A-7C3C-4A82-87A0-15B13B4C97DD}.Release|Any CPU.Build.0 = Release|Any CPU
	EndGlobalSection
	GlobalSection(SolutionProperties) = preSolution
		HideSolutionNode = FALSE
	EndGlobalSection
	GlobalSection(ExtensibilityGlobals) = postSolution
		SolutionGuid = {5BD85101-CB26-433C-A3A6-78BCE074F8FA}
	EndGlobalSection
EndGlobal
